
Microsoft Visual Studio Solution File, Format Version 12.00
# Visual Studio Version 17
VisualStudioVersion = 17.3.32929.385
MinimumVisualStudioVersion = 10.0.40219.1
Project("{FAE04EC0-301F-11D3-BF4B-00C04F79EFBC}") = "HelloWorldCICD", "HelloWorldCICD\HelloWorldCICD.csproj", "{259E5C22-D278-416C-B1E8-5D8AA04BA830}"
EndProject
Global
	GlobalSection(SolutionConfigurationPlatforms) = preSolution
		Debug|Any CPU = Debug|Any CPU
		Release|Any CPU = Release|Any CPU
	EndGlobalSection
	GlobalSection(ProjectConfigurationPlatforms) = postSolution
		{259E5C22-D278-416C-B1E8-5D8AA04BA830}.Debug|Any CPU.ActiveCfg = Debug|Any CPU
		{259E5C22-D278-416C-B1E8-5D8AA04BA830}.Debug|Any CPU.Build.0 = Debug|Any CPU
		{259E5C22-D278-416C-B1E8-5D8AA04BA830}.Release|Any CPU.ActiveCfg = Release|Any CPU
		{259E5C22-D278-416C-B1E8-5D8AA04BA830}.Release|Any CPU.Build.0 = Release|Any CPU
	EndGlobalSection
	GlobalSection(SolutionProperties) = preSolution
		HideSolutionNode = FALSE
	EndGlobalSection
	GlobalSection(ExtensibilityGlobals) = postSolution
		SolutionGuid = {CF84598B-538D-4F0D-9023-7E4A4CF6E296}
	EndGlobalSection
EndGlobal
